
Microsoft Visual Studio Solution File, Format Version 12.00
# Visual Studio 14
VisualStudioVersion = 14.0.25420.1
MinimumVisualStudioVersion = 10.0.40219.1
Project("{FAE04EC0-301F-11D3-BF4B-00C04F79EFBC}") = "TextEditor", "TextEditor\TextEditor.csproj", "{8ECCA57D-A791-420C-A610-2B72A6348B80}"
EndProject
Project("{FAE04EC0-301F-11D3-BF4B-00C04F79EFBC}") = "TextEditor.Tests", "TextEditor.Tests\TextEditor.Tests.csproj", "{CB6F628B-2BFD-4C55-84BB-2AFD0155D7DE}"
EndProject
Project("{FAE04EC0-301F-11D3-BF4B-00C04F79EFBC}") = "TextEditor.Interfaces", "TextEditor.Interfaces\TextEditor.Interfaces.csproj", "{AB975C6D-B888-4EB0-ADB2-F80BC4276B92}"
EndProject
Project("{FAE04EC0-301F-11D3-BF4B-00C04F79EFBC}") = "TextEditor.Components", "TextEditor.Components\TextEditor.Components.csproj", "{6E9BC8F8-4156-419F-8616-D090F58C40EC}"
EndProject
Project("{FAE04EC0-301F-11D3-BF4B-00C04F79EFBC}") = "TextEditor.Theme", "TextEditor.Theme\TextEditor.Theme.csproj", "{51BECFB1-9E38-4629-AF23-11D68D544A3F}"
EndProject
Global
	GlobalSection(SolutionConfigurationPlatforms) = preSolution
		Debug|Any CPU = Debug|Any CPU
		Release|Any CPU = Release|Any CPU
	EndGlobalSection
	GlobalSection(ProjectConfigurationPlatforms) = postSolution
		{8ECCA57D-A791-420C-A610-2B72A6348B80}.Debug|Any CPU.ActiveCfg = Debug|Any CPU
		{8ECCA57D-A791-420C-A610-2B72A6348B80}.Debug|Any CPU.Build.0 = Debug|Any CPU
		{8ECCA57D-A791-420C-A610-2B72A6348B80}.Release|Any CPU.ActiveCfg = Release|Any CPU
		{8ECCA57D-A791-420C-A610-2B72A6348B80}.Release|Any CPU.Build.0 = Release|Any CPU
		{CB6F628B-2BFD-4C55-84BB-2AFD0155D7DE}.Debug|Any CPU.ActiveCfg = Debug|Any CPU
		{CB6F628B-2BFD-4C55-84BB-2AFD0155D7DE}.Debug|Any CPU.Build.0 = Debug|Any CPU
		{CB6F628B-2BFD-4C55-84BB-2AFD0155D7DE}.Release|Any CPU.ActiveCfg = Release|Any CPU
		{CB6F628B-2BFD-4C55-84BB-2AFD0155D7DE}.Release|Any CPU.Build.0 = Release|Any CPU
		{AB975C6D-B888-4EB0-ADB2-F80BC4276B92}.Debug|Any CPU.ActiveCfg = Debug|Any CPU
		{AB975C6D-B888-4EB0-ADB2-F80BC4276B92}.Debug|Any CPU.Build.0 = Debug|Any CPU
		{AB975C6D-B888-4EB0-ADB2-F80BC4276B92}.Release|Any CPU.ActiveCfg = Release|Any CPU
		{AB975C6D-B888-4EB0-ADB2-F80BC4276B92}.Release|Any CPU.Build.0 = Release|Any CPU
		{6E9BC8F8-4156-419F-8616-D090F58C40EC}.Debug|Any CPU.ActiveCfg = Debug|Any CPU
		{6E9BC8F8-4156-419F-8616-D090F58C40EC}.Debug|Any CPU.Build.0 = Debug|Any CPU
		{6E9BC8F8-4156-419F-8616-D090F58C40EC}.Release|Any CPU.ActiveCfg = Release|Any CPU
		{6E9BC8F8-4156-419F-8616-D090F58C40EC}.Release|Any CPU.Build.0 = Release|Any CPU
		{51BECFB1-9E38-4629-AF23-11D68D544A3F}.Debug|Any CPU.ActiveCfg = Debug|Any CPU
		{51BECFB1-9E38-4629-AF23-11D68D544A3F}.Debug|Any CPU.Build.0 = Debug|Any CPU
		{51BECFB1-9E38-4629-AF23-11D68D544A3F}.Release|Any CPU.ActiveCfg = Release|Any CPU
		{51BECFB1-9E38-4629-AF23-11D68D544A3F}.Release|Any CPU.Build.0 = Release|Any CPU
	EndGlobalSection
	GlobalSection(SolutionProperties) = preSolution
		HideSolutionNode = FALSE
	EndGlobalSection
EndGlobal
